// !$*UTF8*$!
{
	archiveVersion = 1;
	classes = {
	};
	objectVersion = 77;
	objects = {

/* Begin PBXBuildFile section */
		1023D5764F8646F43004889C /* HotkeyService.swift in Sources */ = {isa = PBXBuildFile; fileRef = 20BCF69C6CAFD26A80A2C07C /* HotkeyService.swift */; };
		14ADEFAAA228C43C788EBE73 /* SQLiteStorage.swift in Sources */ = {isa = PBXBuildFile; fileRef = 6EE782B7A31405746A2E5E67 /* SQLiteStorage.swift */; };
		22DD01F7D625CAF0D026904F /* EmbeddingService.swift in Sources */ = {isa = PBXBuildFile; fileRef = 9D04DC979AC66B223547807C /* EmbeddingService.swift */; };
		30CADE01690C9CFCD60A3A62 /* ScreenshotWatcher.swift in Sources */ = {isa = PBXBuildFile; fileRef = E85D5C55C3D18A5C1DD3D8F1 /* ScreenshotWatcher.swift */; };
		432565B765CF6AA21B3B7234 /* ShotMakerApp.swift in Sources */ = {isa = PBXBuildFile; fileRef = 3FCBB5A60D3D24B81303014D /* ShotMakerApp.swift */; };
		5579FE6DD873ACA2E8BA4215 /* SettingsView.swift in Sources */ = {isa = PBXBuildFile; fileRef = B8521B9B984327981090989E /* SettingsView.swift */; };
		58E10EEC46D1B37B749CCCA4 /* ScreenshotItem.swift in Sources */ = {isa = PBXBuildFile; fileRef = 214BDF9623ADD39B7DD4D312 /* ScreenshotItem.swift */; };
		6F9CECDC00CD7DA529D93E8B /* ClipboardImageService.swift in Sources */ = {isa = PBXBuildFile; fileRef = A6F58C58697A4EB2859C17D3 /* ClipboardImageService.swift */; };
		8F996B6ADFB0B40DDB2CB022 /* ThumbnailGridView.swift in Sources */ = {isa = PBXBuildFile; fileRef = 893A94232C18525B3A0E35D9 /* ThumbnailGridView.swift */; };
		9405CA915E980F1BF19DB3B3 /* OCRService.swift in Sources */ = {isa = PBXBuildFile; fileRef = 5241C70FFE3F5F6738990F4D /* OCRService.swift */; };
		A09245EBCA02B12B3896BFC4 /* TextHighlighter.swift in Sources */ = {isa = PBXBuildFile; fileRef = 5AD81C8B41065129C1735660 /* TextHighlighter.swift */; };
		A09A8656C89AC70444ADCC47 /* MainWindowView.swift in Sources */ = {isa = PBXBuildFile; fileRef = 21ECAE719D044C6117001378 /* MainWindowView.swift */; };
		A2CBBE15469F09922C8C75F1 /* DetailPanelView.swift in Sources */ = {isa = PBXBuildFile; fileRef = E15AFEE74406E8CBF1D42218 /* DetailPanelView.swift */; };
		A8EA3015BB219A7371B60948 /* ShotMaker.icns in Resources */ = {isa = PBXBuildFile; fileRef = A99CE729F6CD40FA3F597051 /* ShotMaker.icns */; };
		C3296C25A9411914DAF76446 /* TaggerService.swift in Sources */ = {isa = PBXBuildFile; fileRef = A5548FEEDB632359BF7B495E /* TaggerService.swift */; };
		CB21C59BFFAA90653E32A6F3 /* StorageProtocol.swift in Sources */ = {isa = PBXBuildFile; fileRef = CC035432E4CA5E3A420A53AB /* StorageProtocol.swift */; };
		D925952D6AF9E3CB2E6CAC1B /* SidebarView.swift in Sources */ = {isa = PBXBuildFile; fileRef = 01AC5BEC97B7BBA60A9011A4 /* SidebarView.swift */; };
		DAC2909255EF7913C56CAFDD /* AppSettings.swift in Sources */ = {isa = PBXBuildFile; fileRef = 5B4B4E05DC1A6DA7759539B6 /* AppSettings.swift */; };
/* End PBXBuildFile section */

/* Begin PBXFileReference section */
		01AC5BEC97B7BBA60A9011A4 /* SidebarView.swift */ = {isa = PBXFileReference; lastKnownFileType = sourcecode.swift; path = SidebarView.swift; sourceTree = "<group>"; };
		20BCF69C6CAFD26A80A2C07C /* HotkeyService.swift */ = {isa = PBXFileReference; lastKnownFileType = sourcecode.swift; path = HotkeyService.swift; sourceTree = "<group>"; };
		214BDF9623ADD39B7DD4D312 /* ScreenshotItem.swift */ = {isa = PBXFileReference; lastKnownFileType = sourcecode.swift; path = ScreenshotItem.swift; sourceTree = "<group>"; };
		21ECAE719D044C6117001378 /* MainWindowView.swift */ = {isa = PBXFileReference; lastKnownFileType = sourcecode.swift; path = MainWindowView.swift; sourceTree = "<group>"; };
		37994A99F808418358880875 /* ShotMaker.app */ = {isa = PBXFileReference; explicitFileType = wrapper.application; includeInIndex = 0; path = ShotMaker.app; sourceTree = BUILT_PRODUCTS_DIR; };
		3FCBB5A60D3D24B81303014D /* ShotMakerApp.swift */ = {isa = PBXFileReference; lastKnownFileType = sourcecode.swift; path = ShotMakerApp.swift; sourceTree = "<group>"; };
		5241C70FFE3F5F6738990F4D /* OCRService.swift */ = {isa = PBXFileReference; lastKnownFileType = sourcecode.swift; path = OCRService.swift; sourceTree = "<group>"; };
		5AD81C8B41065129C1735660 /* TextHighlighter.swift */ = {isa = PBXFileReference; lastKnownFileType = sourcecode.swift; path = TextHighlighter.swift; sourceTree = "<group>"; };
		5B4B4E05DC1A6DA7759539B6 /* AppSettings.swift */ = {isa = PBXFileReference; lastKnownFileType = sourcecode.swift; path = AppSettings.swift; sourceTree = "<group>"; };
		6EE782B7A31405746A2E5E67 /* SQLiteStorage.swift */ = {isa = PBXFileReference; lastKnownFileType = sourcecode.swift; path = SQLiteStorage.swift; sourceTree = "<group>"; };
		6F9BC87850CFFF54B97219D1 /* Info.plist */ = {isa = PBXFileReference; lastKnownFileType = text.plist; path = Info.plist; sourceTree = "<group>"; };
		893A94232C18525B3A0E35D9 /* ThumbnailGridView.swift */ = {isa = PBXFileReference; lastKnownFileType = sourcecode.swift; path = ThumbnailGridView.swift; sourceTree = "<group>"; };
		9D04DC979AC66B223547807C /* EmbeddingService.swift */ = {isa = PBXFileReference; lastKnownFileType = sourcecode.swift; path = EmbeddingService.swift; sourceTree = "<group>"; };
		A5548FEEDB632359BF7B495E /* TaggerService.swift */ = {isa = PBXFileReference; lastKnownFileType = sourcecode.swift; path = TaggerService.swift; sourceTree = "<group>"; };
		A6F58C58697A4EB2859C17D3 /* ClipboardImageService.swift */ = {isa = PBXFileReference; lastKnownFileType = sourcecode.swift; path = ClipboardImageService.swift; sourceTree = "<group>"; };
		A99CE729F6CD40FA3F597051 /* ShotMaker.icns */ = {isa = PBXFileReference; lastKnownFileType = image.icns; path = ShotMaker.icns; sourceTree = "<group>"; };
		B8521B9B984327981090989E /* SettingsView.swift */ = {isa = PBXFileReference; lastKnownFileType = sourcecode.swift; path = SettingsView.swift; sourceTree = "<group>"; };
		CBD3A8BF2B47381B46FF0EE5 /* ShotMaker.entitlements */ = {isa = PBXFileReference; lastKnownFileType = text.plist.entitlements; path = ShotMaker.entitlements; sourceTree = "<group>"; };
		CC035432E4CA5E3A420A53AB /* StorageProtocol.swift */ = {isa = PBXFileReference; lastKnownFileType = sourcecode.swift; path = StorageProtocol.swift; sourceTree = "<group>"; };
		E15AFEE74406E8CBF1D42218 /* DetailPanelView.swift */ = {isa = PBXFileReference; lastKnownFileType = sourcecode.swift; path = DetailPanelView.swift; sourceTree = "<group>"; };
		E85D5C55C3D18A5C1DD3D8F1 /* ScreenshotWatcher.swift */ = {isa = PBXFileReference; lastKnownFileType = sourcecode.swift; path = ScreenshotWatcher.swift; sourceTree = "<group>"; };
/* End PBXFileReference section */

/* Begin PBXGroup section */
		57155DEADD2519C0988D6E63 = {
			isa = PBXGroup;
			children = (
				CC18EE66AD08F7EAF3EEAD3E /* ShotMaker */,
				7BD6E031293F445F3859AAFB /* Products */,
			);
			sourceTree = "<group>";
		};
		7BD6E031293F445F3859AAFB /* Products */ = {
			isa = PBXGroup;
			children = (
				37994A99F808418358880875 /* ShotMaker.app */,
			);
			name = Products;
			sourceTree = "<group>";
		};
		A807A1F3AB75E0C744656019 /* Models */ = {
			isa = PBXGroup;
			children = (
				5B4B4E05DC1A6DA7759539B6 /* AppSettings.swift */,
				214BDF9623ADD39B7DD4D312 /* ScreenshotItem.swift */,
			);
			path = Models;
			sourceTree = "<group>";
		};
		BED9E70F33E544C7C4C0DC94 /* Views */ = {
			isa = PBXGroup;
			children = (
				E15AFEE74406E8CBF1D42218 /* DetailPanelView.swift */,
				21ECAE719D044C6117001378 /* MainWindowView.swift */,
				B8521B9B984327981090989E /* SettingsView.swift */,
				01AC5BEC97B7BBA60A9011A4 /* SidebarView.swift */,
				5AD81C8B41065129C1735660 /* TextHighlighter.swift */,
				893A94232C18525B3A0E35D9 /* ThumbnailGridView.swift */,
			);
			path = Views;
			sourceTree = "<group>";
		};
		CC18EE66AD08F7EAF3EEAD3E /* ShotMaker */ = {
			isa = PBXGroup;
			children = (
				6F9BC87850CFFF54B97219D1 /* Info.plist */,
				CBD3A8BF2B47381B46FF0EE5 /* ShotMaker.entitlements */,
				A99CE729F6CD40FA3F597051 /* ShotMaker.icns */,
				3FCBB5A60D3D24B81303014D /* ShotMakerApp.swift */,
				A807A1F3AB75E0C744656019 /* Models */,
				D07B082904481E6F3EE93D02 /* Services */,
				BED9E70F33E544C7C4C0DC94 /* Views */,
			);
			path = ShotMaker;
			sourceTree = "<group>";
		};
		D07B082904481E6F3EE93D02 /* Services */ = {
			isa = PBXGroup;
			children = (
				A6F58C58697A4EB2859C17D3 /* ClipboardImageService.swift */,
				9D04DC979AC66B223547807C /* EmbeddingService.swift */,
				20BCF69C6CAFD26A80A2C07C /* HotkeyService.swift */,
				5241C70FFE3F5F6738990F4D /* OCRService.swift */,
				E85D5C55C3D18A5C1DD3D8F1 /* ScreenshotWatcher.swift */,
				6EE782B7A31405746A2E5E67 /* SQLiteStorage.swift */,
				CC035432E4CA5E3A420A53AB /* StorageProtocol.swift */,
				A5548FEEDB632359BF7B495E /* TaggerService.swift */,
			);
			path = Services;
			sourceTree = "<group>";
		};
/* End PBXGroup section */

/* Begin PBXNativeTarget section */
		5B8B074BC14AA99700E0020D /* ShotMaker */ = {
			isa = PBXNativeTarget;
			buildConfigurationList = 31BA1C8F957CA50BC6320313 /* Build configuration list for PBXNativeTarget "ShotMaker" */;
			buildPhases = (
				06DFC281B005EA8F9A290797 /* Sources */,
				C41FD9ED5F846A4BF736C349 /* Resources */,
			);
			buildRules = (
			);
			dependencies = (
			);
			name = ShotMaker;
			packageProductDependencies = (
			);
			productName = ShotMaker;
			productReference = 37994A99F808418358880875 /* ShotMaker.app */;
			productType = "com.apple.product-type.application";
		};
/* End PBXNativeTarget section */

/* Begin PBXProject section */
		EB9B38426E4272E1BF3A98C4 /* Project object */ = {
			isa = PBXProject;
			attributes = {
				BuildIndependentTargetsInParallel = YES;
				LastUpgradeCheck = 1500;
				TargetAttributes = {
					5B8B074BC14AA99700E0020D = {
						DevelopmentTeam = RJL4AN4QK9;
						ProvisioningStyle = Manual;
					};
				};
			};
			buildConfigurationList = 7E6E4D54B444BF63EB467463 /* Build configuration list for PBXProject "ShotMaker" */;
			developmentRegion = en;
			hasScannedForEncodings = 0;
			knownRegions = (
				Base,
				en,
			);
			mainGroup = 57155DEADD2519C0988D6E63;
			minimizedProjectReferenceProxies = 1;
			preferredProjectObjectVersion = 77;
			productRefGroup = 7BD6E031293F445F3859AAFB /* Products */;
			projectDirPath = "";
			projectRoot = "";
			targets = (
				5B8B074BC14AA99700E0020D /* ShotMaker */,
			);
		};
/* End PBXProject section */

/* Begin PBXResourcesBuildPhase section */
		C41FD9ED5F846A4BF736C349 /* Resources */ = {
			isa = PBXResourcesBuildPhase;
			buildActionMask = 2147483647;
			files = (
				A8EA3015BB219A7371B60948 /* ShotMaker.icns in Resources */,
			);
			runOnlyForDeploymentPostprocessing = 0;
		};
/* End PBXResourcesBuildPhase section */

/* Begin PBXSourcesBuildPhase section */
		06DFC281B005EA8F9A290797 /* Sources */ = {
			isa = PBXSourcesBuildPhase;
			buildActionMask = 2147483647;
			files = (
				DAC2909255EF7913C56CAFDD /* AppSettings.swift in Sources */,
				6F9CECDC00CD7DA529D93E8B /* ClipboardImageService.swift in Sources */,
				A2CBBE15469F09922C8C75F1 /* DetailPanelView.swift in Sources */,
				22DD01F7D625CAF0D026904F /* EmbeddingService.swift in Sources */,
				1023D5764F8646F43004889C /* HotkeyService.swift in Sources */,
				A09A8656C89AC70444ADCC47 /* MainWindowView.swift in Sources */,
				9405CA915E980F1BF19DB3B3 /* OCRService.swift in Sources */,
				14ADEFAAA228C43C788EBE73 /* SQLiteStorage.swift in Sources */,
				58E10EEC46D1B37B749CCCA4 /* ScreenshotItem.swift in Sources */,
				30CADE01690C9CFCD60A3A62 /* ScreenshotWatcher.swift in Sources */,
				5579FE6DD873ACA2E8BA4215 /* SettingsView.swift in Sources */,
				432565B765CF6AA21B3B7234 /* ShotMakerApp.swift in Sources */,
				D925952D6AF9E3CB2E6CAC1B /* SidebarView.swift in Sources */,
				CB21C59BFFAA90653E32A6F3 /* StorageProtocol.swift in Sources */,
				C3296C25A9411914DAF76446 /* TaggerService.swift in Sources */,
				A09245EBCA02B12B3896BFC4 /* TextHighlighter.swift in Sources */,
				8F996B6ADFB0B40DDB2CB022 /* ThumbnailGridView.swift in Sources */,
			);
			runOnlyForDeploymentPostprocessing = 0;
		};
/* End PBXSourcesBuildPhase section */

/* Begin XCBuildConfiguration section */
		036EC69774FDDB694F449B8B /* Release */ = {
			isa = XCBuildConfiguration;
			buildSettings = {
				ASSETCATALOG_COMPILER_APPICON_NAME = AppIcon;
				CODE_SIGN_ENTITLEMENTS = ShotMaker/ShotMaker.entitlements;
				CODE_SIGN_IDENTITY = "Developer ID Application";
				CODE_SIGN_STYLE = Manual;
				COMBINE_HIDPI_IMAGES = YES;
				CURRENT_PROJECT_VERSION = 1;
				DEVELOPMENT_TEAM = RJL4AN4QK9;
				ENABLE_HARDENED_RUNTIME = YES;
				INFOPLIST_FILE = ShotMaker/Info.plist;
				LD_RUNPATH_SEARCH_PATHS = "@executable_path/../Frameworks";
				MACOSX_DEPLOYMENT_TARGET = 13.0;
				MARKETING_VERSION = 1.0.0;
				PRODUCT_BUNDLE_IDENTIFIER = "org.frontiercommons.shot-maker";
				SDKROOT = macosx;
				SWIFT_VERSION = 5.9;
			};
			name = Release;
		};
		162746E18F740EB895283A56 /* Debug */ = {
			isa = XCBuildConfiguration;
			buildSettings = {
				ALWAYS_SEARCH_USER_PATHS = NO;
				CLANG_ANALYZER_NONNULL = YES;
				CLANG_ANALYZER_NUMBER_OBJECT_CONVERSION = YES_AGGRESSIVE;
				CLANG_CXX_LANGUAGE_STANDARD = "gnu++14";
				CLANG_CXX_LIBRARY = "libc++";
				CLANG_ENABLE_MODULES = YES;
				CLANG_ENABLE_OBJC_ARC = YES;
				CLANG_ENABLE_OBJC_WEAK = YES;
				CLANG_WARN_BLOCK_CAPTURE_AUTORELEASING = YES;
				CLANG_WARN_BOOL_CONVERSION = YES;
				CLANG_WARN_COMMA = YES;
				CLANG_WARN_CONSTANT_CONVERSION = YES;
				CLANG_WARN_DEPRECATED_OBJC_IMPLEMENTATIONS = YES;
				CLANG_WARN_DIRECT_OBJC_ISA_USAGE = YES_ERROR;
				CLANG_WARN_DOCUMENTATION_COMMENTS = YES;
				CLANG_WARN_EMPTY_BODY = YES;
				CLANG_WARN_ENUM_CONVERSION = YES;
				CLANG_WARN_INFINITE_RECURSION = YES;
				CLANG_WARN_INT_CONVERSION = YES;
				CLANG_WARN_NON_LITERAL_NULL_CONVERSION = YES;
				CLANG_WARN_OBJC_IMPLICIT_RETAIN_SELF = YES;
				CLANG_WARN_OBJC_LITERAL_CONVERSION = YES;
				CLANG_WARN_OBJC_ROOT_CLASS = YES_ERROR;
				CLANG_WARN_QUOTED_INCLUDE_IN_FRAMEWORK_HEADER = YES;
				CLANG_WARN_RANGE_LOOP_ANALYSIS = YES;
				CLANG_WARN_STRICT_PROTOTYPES = YES;
				CLANG_WARN_SUSPICIOUS_MOVE = YES;
				CLANG_WARN_UNGUARDED_AVAILABILITY = YES_AGGRESSIVE;
				CLANG_WARN_UNREACHABLE_CODE = YES;
				CLANG_WARN__DUPLICATE_METHOD_MATCH = YES;
				COPY_PHASE_STRIP = NO;
				DEBUG_INFORMATION_FORMAT = dwarf;
				ENABLE_STRICT_OBJC_MSGSEND = YES;
				ENABLE_TESTABILITY = YES;
				GCC_C_LANGUAGE_STANDARD = gnu11;
				GCC_DYNAMIC_NO_PIC = NO;
				GCC_NO_COMMON_BLOCKS = YES;
				GCC_OPTIMIZATION_LEVEL = 0;
				GCC_PREPROCESSOR_DEFINITIONS = (
					"$(inherited)",
					"DEBUG=1",
				);
				GCC_WARN_64_TO_32_BIT_CONVERSION = YES;
				GCC_WARN_ABOUT_RETURN_TYPE = YES_ERROR;
				GCC_WARN_UNDECLARED_SELECTOR = YES;
				GCC_WARN_UNINITIALIZED_AUTOS = YES_AGGRESSIVE;
				GCC_WARN_UNUSED_FUNCTION = YES;
				GCC_WARN_UNUSED_VARIABLE = YES;
				MACOSX_DEPLOYMENT_TARGET = 13.0;
				MTL_ENABLE_DEBUG_INFO = INCLUDE_SOURCE;
				MTL_FAST_MATH = YES;
				ONLY_ACTIVE_ARCH = YES;
				PRODUCT_NAME = "$(TARGET_NAME)";
				SDKROOT = macosx;
				SWIFT_ACTIVE_COMPILATION_CONDITIONS = DEBUG;
				SWIFT_OPTIMIZATION_LEVEL = "-Onone";
				SWIFT_VERSION = 5.0;
			};
			name = Debug;
		};
		5AE10CDC4478843360B8E68D /* Debug */ = {
			isa = XCBuildConfiguration;
			buildSettings = {
				ASSETCATALOG_COMPILER_APPICON_NAME = AppIcon;
				CODE_SIGN_ENTITLEMENTS = ShotMaker/ShotMaker.entitlements;
				CODE_SIGN_IDENTITY = "Developer ID Application";
				CODE_SIGN_STYLE = Manual;
				COMBINE_HIDPI_IMAGES = YES;
				CURRENT_PROJECT_VERSION = 1;
				DEVELOPMENT_TEAM = RJL4AN4QK9;
				ENABLE_HARDENED_RUNTIME = YES;
				INFOPLIST_FILE = ShotMaker/Info.plist;
				LD_RUNPATH_SEARCH_PATHS = "@executable_path/../Frameworks";
				MACOSX_DEPLOYMENT_TARGET = 13.0;
				MARKETING_VERSION = 1.0.0;
				PRODUCT_BUNDLE_IDENTIFIER = "org.frontiercommons.shot-maker";
				SDKROOT = macosx;
				SWIFT_VERSION = 5.9;
			};
			name = Debug;
		};
		77D31987D8B2CE79D87FB422 /* Release */ = {
			isa = XCBuildConfiguration;
			buildSettings = {
				ALWAYS_SEARCH_USER_PATHS = NO;
				CLANG_ANALYZER_NONNULL = YES;
				CLANG_ANALYZER_NUMBER_OBJECT_CONVERSION = YES_AGGRESSIVE;
				CLANG_CXX_LANGUAGE_STANDARD = "gnu++14";
				CLANG_CXX_LIBRARY = "libc++";
				CLANG_ENABLE_MODULES = YES;
				CLANG_ENABLE_OBJC_ARC = YES;
				CLANG_ENABLE_OBJC_WEAK = YES;
				CLANG_WARN_BLOCK_CAPTURE_AUTORELEASING = YES;
				CLANG_WARN_BOOL_CONVERSION = YES;
				CLANG_WARN_COMMA = YES;
				CLANG_WARN_CONSTANT_CONVERSION = YES;
				CLANG_WARN_DEPRECATED_OBJC_IMPLEMENTATIONS = YES;
				CLANG_WARN_DIRECT_OBJC_ISA_USAGE = YES_ERROR;
				CLANG_WARN_DOCUMENTATION_COMMENTS = YES;
				CLANG_WARN_EMPTY_BODY = YES;
				CLANG_WARN_ENUM_CONVERSION = YES;
				CLANG_WARN_INFINITE_RECURSION = YES;
				CLANG_WARN_INT_CONVERSION = YES;
				CLANG_WARN_NON_LITERAL_NULL_CONVERSION = YES;
				CLANG_WARN_OBJC_IMPLICIT_RETAIN_SELF = YES;
				CLANG_WARN_OBJC_LITERAL_CONVERSION = YES;
				CLANG_WARN_OBJC_ROOT_CLASS = YES_ERROR;
				CLANG_WARN_QUOTED_INCLUDE_IN_FRAMEWORK_HEADER = YES;
				CLANG_WARN_RANGE_LOOP_ANALYSIS = YES;
				CLANG_WARN_STRICT_PROTOTYPES = YES;
				CLANG_WARN_SUSPICIOUS_MOVE = YES;
				CLANG_WARN_UNGUARDED_AVAILABILITY = YES_AGGRESSIVE;
				CLANG_WARN_UNREACHABLE_CODE = YES;
				CLANG_WARN__DUPLICATE_METHOD_MATCH = YES;
				COPY_PHASE_STRIP = NO;
				DEBUG_INFORMATION_FORMAT = "dwarf-with-dsym";
				ENABLE_NS_ASSERTIONS = NO;
				ENABLE_STRICT_OBJC_MSGSEND = YES;
				GCC_C_LANGUAGE_STANDARD = gnu11;
				GCC_NO_COMMON_BLOCKS = YES;
				GCC_WARN_64_TO_32_BIT_CONVERSION = YES;
				GCC_WARN_ABOUT_RETURN_TYPE = YES_ERROR;
				GCC_WARN_UNDECLARED_SELECTOR = YES;
				GCC_WARN_UNINITIALIZED_AUTOS = YES_AGGRESSIVE;
				GCC_WARN_UNUSED_FUNCTION = YES;
				GCC_WARN_UNUSED_VARIABLE = YES;
				MACOSX_DEPLOYMENT_TARGET = 13.0;
				MTL_ENABLE_DEBUG_INFO = NO;
				MTL_FAST_MATH = YES;
				PRODUCT_NAME = "$(TARGET_NAME)";
				SDKROOT = macosx;
				SWIFT_COMPILATION_MODE = wholemodule;
				SWIFT_OPTIMIZATION_LEVEL = "-O";
				SWIFT_VERSION = 5.0;
			};
			name = Release;
		};
/* End XCBuildConfiguration section */

/* Begin XCConfigurationList section */
		31BA1C8F957CA50BC6320313 /* Build configuration list for PBXNativeTarget "ShotMaker" */ = {
			isa = XCConfigurationList;
			buildConfigurations = (
				5AE10CDC4478843360B8E68D /* Debug */,
				036EC69774FDDB694F449B8B /* Release */,
			);
			defaultConfigurationIsVisible = 0;
			defaultConfigurationName = Debug;
		};
		7E6E4D54B444BF63EB467463 /* Build configuration list for PBXProject "ShotMaker" */ = {
			isa = XCConfigurationList;
			buildConfigurations = (
				162746E18F740EB895283A56 /* Debug */,
				77D31987D8B2CE79D87FB422 /* Release */,
			);
			defaultConfigurationIsVisible = 0;
			defaultConfigurationName = Debug;
		};
/* End XCConfigurationList section */
	};
	rootObject = EB9B38426E4272E1BF3A98C4 /* Project object */;
}
